
Microsoft Visual Studio Solution File, Format Version 12.00
# Visual Studio Version 17
VisualStudioVersion = 17.8.34330.188
MinimumVisualStudioVersion = 10.0.40219.1
Project("{FAE04EC0-301F-11D3-BF4B-00C04F79EFBC}") = "SeatPlanningGenerator", "SeatPlanningGenerator.csproj", "{CCA8624A-DFB0-4BE2-A1D7-987D1B1AAEB9}"
EndProject
Global
	GlobalSection(SolutionConfigurationPlatforms) = preSolution
		Debug|Any CPU = Debug|Any CPU
		Release|Any CPU = Release|Any CPU
	EndGlobalSection
	GlobalSection(ProjectConfigurationPlatforms) = postSolution
		{CCA8624A-DFB0-4BE2-A1D7-987D1B1AAEB9}.Debug|Any CPU.ActiveCfg = Debug|Any CPU
		{CCA8624A-DFB0-4BE2-A1D7-987D1B1AAEB9}.Debug|Any CPU.Build.0 = Debug|Any CPU
		{CCA8624A-DFB0-4BE2-A1D7-987D1B1AAEB9}.Release|Any CPU.ActiveCfg = Release|Any CPU
		{CCA8624A-DFB0-4BE2-A1D7-987D1B1AAEB9}.Release|Any CPU.Build.0 = Release|Any CPU
	EndGlobalSection
	GlobalSection(SolutionProperties) = preSolution
		HideSolutionNode = FALSE
	EndGlobalSection
	GlobalSection(ExtensibilityGlobals) = postSolution
		SolutionGuid = {348EE8A1-7A93-4ECE-96F6-AEDEB719874A}
	EndGlobalSection
EndGlobal
